{
  "name": "@mailmask/log",
  "version": "1.3.4",
  "lockfileVersion": 1,
  "requires": true,
  "dependencies": {
    "@opentelemetry/api": {
      "version": "0.6.1",
      "resolved": "https://registry.npmjs.org/@opentelemetry/api/-/api-0.6.1.tgz",
      "integrity": "sha512-wpufGZa7tTxw7eAsjXJtiyIQ42IWQdX9iUQp7ACJcKo1hCtuhLU+K2Nv1U6oRwT1oAlZTE6m4CgWKZBhOiau3Q==",
      "requires": {
        "@opentelemetry/context-base": "^0.6.1"
      }
    },
    "@opentelemetry/base": {
      "version": "0.6.1",
      "resolved": "https://registry.npmjs.org/@opentelemetry/base/-/base-0.6.1.tgz",
      "integrity": "sha512-I0tgcAVNUy+GbIZOiVrtF228jZuR3bjG/lj1DlutTUnUvxyupzvjxo9FNJmHjNbPlpBaDOnSbkvNybFeF6e0hg=="
    },
    "@opentelemetry/context-base": {
      "version": "0.6.1",
      "resolved": "https://registry.npmjs.org/@opentelemetry/context-base/-/context-base-0.6.1.tgz",
      "integrity": "sha512-5bHhlTBBq82ti3qPT15TRxkYTFPPQWbnkkQkmHPtqiS1XcTB69cEKd3Jm7Cfi/vkPoyxapmePE9tyA7EzLt8SQ=="
    },
    "@opentelemetry/core": {
      "version": "0.6.1",
      "resolved": "https://registry.npmjs.org/@opentelemetry/core/-/core-0.6.1.tgz",
      "integrity": "sha512-4EtUcPljz+X62A9FKnyQrpaYCkUr747WwwP5txHFTgDwpDuLRrbfkcg2YkDORxF2SdSVeOuwiPhDflQA/nNFRg==",
      "requires": {
        "@opentelemetry/api": "^0.6.1",
        "@opentelemetry/context-base": "^0.6.1",
        "semver": "^7.1.3"
      }
    },
    "@opentelemetry/exporter-jaeger": {
      "version": "0.6.1",
      "resolved": "https://registry.npmjs.org/@opentelemetry/exporter-jaeger/-/exporter-jaeger-0.6.1.tgz",
      "integrity": "sha512-iHccRsgfWoSSNJUl9JtckW/Ak/Y7h485dJr61MdZFiIHBJPjWaeUiAnYWALqaheT5CcJCO49xDRqbpOfRWcsow==",
      "requires": {
        "@opentelemetry/api": "^0.6.1",
        "@opentelemetry/base": "^0.6.1",
        "@opentelemetry/core": "^0.6.1",
        "@opentelemetry/tracing": "^0.6.1",
        "jaeger-client": "^3.15.0"
      }
    },
    "@opentelemetry/exporter-zipkin": {
      "version": "0.6.1",
      "resolved": "https://registry.npmjs.org/@opentelemetry/exporter-zipkin/-/exporter-zipkin-0.6.1.tgz",
      "integrity": "sha512-tk5Wqek2YGRllXaHkaZzhTqmXkzavyADMId4sjAb5pYsId3uHY2QY+o6Oz4DUcnI53xTn0KHIkiFCRhUhk4mog==",
      "requires": {
        "@opentelemetry/api": "^0.6.1",
        "@opentelemetry/base": "^0.6.1",
        "@opentelemetry/core": "^0.6.1",
        "@opentelemetry/resources": "^0.6.1",
        "@opentelemetry/tracing": "^0.6.1"
      }
    },
    "@opentelemetry/resources": {
      "version": "0.6.1",
      "resolved": "https://registry.npmjs.org/@opentelemetry/resources/-/resources-0.6.1.tgz",
      "integrity": "sha512-pAHVytrr08gGR3LJl9bcolELG0ELmhiyssr2FadSLDop30ghx2Na73nPyK3yTkdbnt5ztx/6RvTFSwYXUgBTdA==",
      "requires": {
        "@opentelemetry/api": "^0.6.1",
        "@opentelemetry/base": "^0.6.1"
      }
    },
    "@opentelemetry/tracing": {
      "version": "0.6.1",
      "resolved": "https://registry.npmjs.org/@opentelemetry/tracing/-/tracing-0.6.1.tgz",
      "integrity": "sha512-7EI/6OWu+pBgpcdfRn9Z3n8eubf2Hfbdeu2LVvfVL5gDJwRpoqmGrhpyDJBnZpolgN/6flu9nTMVTo+2ww514A==",
      "requires": {
        "@opentelemetry/api": "^0.6.1",
        "@opentelemetry/base": "^0.6.1",
        "@opentelemetry/context-base": "^0.6.1",
        "@opentelemetry/core": "^0.6.1",
        "@opentelemetry/resources": "^0.6.1"
      }
    },
    "ansi-color": {
      "version": "0.2.1",
      "resolved": "https://registry.npmjs.org/ansi-color/-/ansi-color-0.2.1.tgz",
      "integrity": "sha1-PnXAN0dSF1RO12Oo21cJ+prlv5o="
    },
    "bufrw": {
      "version": "1.3.0",
      "resolved": "https://registry.npmjs.org/bufrw/-/bufrw-1.3.0.tgz",
      "integrity": "sha512-jzQnSbdJqhIltU9O5KUiTtljP9ccw2u5ix59McQy4pV2xGhVLhRZIndY8GIrgh5HjXa6+QJ9AQhOd2QWQizJFQ==",
      "requires": {
        "ansi-color": "^0.2.1",
        "error": "^7.0.0",
        "hexer": "^1.5.0",
        "xtend": "^4.0.0"
      }
    },
    "error": {
      "version": "7.0.2",
      "resolved": "https://registry.npmjs.org/error/-/error-7.0.2.tgz",
      "integrity": "sha1-pfdf/02ZJhJt2sDqXcOOaJFTywI=",
      "requires": {
        "string-template": "~0.2.1",
        "xtend": "~4.0.0"
      }
    },
    "hexer": {
      "version": "1.5.0",
      "resolved": "https://registry.npmjs.org/hexer/-/hexer-1.5.0.tgz",
      "integrity": "sha1-uGzoCFmOip0YksVx887dhvyfBlM=",
      "requires": {
        "ansi-color": "^0.2.1",
        "minimist": "^1.1.0",
        "process": "^0.10.0",
        "xtend": "^4.0.0"
      }
    },
    "jaeger-client": {
      "version": "3.17.2",
      "resolved": "https://registry.npmjs.org/jaeger-client/-/jaeger-client-3.17.2.tgz",
      "integrity": "sha512-19YloSidmKbrXHgecLWod8eXo7rm2ieUnsfg0ripTFGRCW5v2OWE96Gte4/tOQG/8N+T39VoLU2nMBdjbdMUJg==",
      "requires": {
        "node-int64": "^0.4.0",
        "opentracing": "^0.13.0",
        "thriftrw": "^3.5.0",
        "uuid": "^3.2.1",
        "xorshift": "^0.2.0"
      }
    },
    "long": {
      "version": "2.4.0",
      "resolved": "https://registry.npmjs.org/long/-/long-2.4.0.tgz",
      "integrity": "sha1-n6GAux2VAM3CnEFWdmoZleH0Uk8="
    },
    "minimist": {
      "version": "1.2.5",
      "resolved": "https://registry.npmjs.org/minimist/-/minimist-1.2.5.tgz",
      "integrity": "sha512-FM9nNUYrRBAELZQT3xeZQ7fmMOBg6nWNmJKTcgsJeaLstP/UODVpGsr5OhXhhXg6f+qtJ8uiZ+PUxkDWcgIXLw=="
    },
    "node-int64": {
      "version": "0.4.0",
      "resolved": "https://registry.npmjs.org/node-int64/-/node-int64-0.4.0.tgz",
      "integrity": "sha1-h6kGXNs1XTGC2PlM4RGIuCXGijs="
    },
    "opentracing": {
      "version": "0.13.0",
      "resolved": "https://registry.npmjs.org/opentracing/-/opentracing-0.13.0.tgz",
      "integrity": "sha1-ajQUQvCdfYZrwR7QPeHjgo49aqs="
    },
    "process": {
      "version": "0.10.1",
      "resolved": "https://registry.npmjs.org/process/-/process-0.10.1.tgz",
      "integrity": "sha1-hCRXzFHP7XLcd1r+6vuMYDQ3JyU="
    },
    "semver": {
      "version": "7.3.2",
      "resolved": "https://registry.npmjs.org/semver/-/semver-7.3.2.tgz",
      "integrity": "sha512-OrOb32TeeambH6UrhtShmF7CRDqhL6/5XpPNp2DuRH6+9QLw/orhp72j87v8Qa1ScDkvrrBNpZcDejAirJmfXQ=="
    },
    "string-template": {
      "version": "0.2.1",
      "resolved": "https://registry.npmjs.org/string-template/-/string-template-0.2.1.tgz",
      "integrity": "sha1-QpMuWYo1LQH8IuwzZ9nYTuxsmt0="
    },
    "thriftrw": {
      "version": "3.12.0",
      "resolved": "https://registry.npmjs.org/thriftrw/-/thriftrw-3.12.0.tgz",
      "integrity": "sha512-4YZvR4DPEI41n4Opwr4jmrLGG4hndxr7387kzRFIIzxHQjarPusH4lGXrugvgb7TtPrfZVTpZCVe44/xUxowEw==",
      "requires": {
        "bufrw": "^1.3.0",
        "error": "7.0.2",
        "long": "^2.4.0"
      }
    },
    "uuid": {
      "version": "3.4.0",
      "resolved": "https://registry.npmjs.org/uuid/-/uuid-3.4.0.tgz",
      "integrity": "sha512-HjSDRw6gZE5JMggctHBcjVak08+KEVhSIiDzFnT9S9aegmp85S/bReBVTb4QTFaRNptJ9kuYaNhnbNEOkbKb/A=="
    },
    "xorshift": {
      "version": "0.2.1",
      "resolved": "https://registry.npmjs.org/xorshift/-/xorshift-0.2.1.tgz",
      "integrity": "sha1-/NgiZ+k1HBPw+5xzMH8lMx0pxjo="
    },
    "xtend": {
      "version": "4.0.2",
      "resolved": "https://registry.npmjs.org/xtend/-/xtend-4.0.2.tgz",
      "integrity": "sha512-LKYU1iAXJXUgAXn9URjiu+MWhyUXHsvfp7mcuYm9dSUKK0/CjtrUwFAxD82/mCWbtLsGjFIad0wIsod4zrTAEQ=="
    }
  }
}
